// !$*UTF8*$!
{
	archiveVersion = 1;
	classes = {
	};
	objectVersion = 50;
	objects = {

/* Begin PBXBuildFile section */
		84A598CC2929678F009D5EE4 /* FruitHeaderView.swift in Sources */ = {isa = PBXBuildFile; fileRef = 84A598CB2929678F009D5EE4 /* FruitHeaderView.swift */; };
		84A598CF29296C35009D5EE4 /* SourceLinkView.swift in Sources */ = {isa = PBXBuildFile; fileRef = 84A598CE29296C35009D5EE4 /* SourceLinkView.swift */; };
		84A598D2292A2661009D5EE4 /* FruitNutrientsView.swift in Sources */ = {isa = PBXBuildFile; fileRef = 84A598D1292A2661009D5EE4 /* FruitNutrientsView.swift */; };
		84A598D5292A2E43009D5EE4 /* SettingsView.swift in Sources */ = {isa = PBXBuildFile; fileRef = 84A598D4292A2E43009D5EE4 /* SettingsView.swift */; };
		84A598D8292A353D009D5EE4 /* SettingsLabelView.swift in Sources */ = {isa = PBXBuildFile; fileRef = 84A598D7292A353D009D5EE4 /* SettingsLabelView.swift */; };
		84A598DB292A5119009D5EE4 /* SettingsRowView.swift in Sources */ = {isa = PBXBuildFile; fileRef = 84A598DA292A5119009D5EE4 /* SettingsRowView.swift */; };
		84AD66FF2928B6C300060961 /* FructusApp.swift in Sources */ = {isa = PBXBuildFile; fileRef = 84AD66FE2928B6C300060961 /* FructusApp.swift */; };
		84AD67012928B6C300060961 /* ContentView.swift in Sources */ = {isa = PBXBuildFile; fileRef = 84AD67002928B6C300060961 /* ContentView.swift */; };
		84AD67032928B6C800060961 /* Assets.xcassets in Resources */ = {isa = PBXBuildFile; fileRef = 84AD67022928B6C800060961 /* Assets.xcassets */; };
		84AD67062928B6C800060961 /* Preview Assets.xcassets in Resources */ = {isa = PBXBuildFile; fileRef = 84AD67052928B6C800060961 /* Preview Assets.xcassets */; };
		84AD67142928BE7700060961 /* FruitCardView.swift in Sources */ = {isa = PBXBuildFile; fileRef = 84AD67132928BE7700060961 /* FruitCardView.swift */; };
		84AD67172928CD4500060961 /* StartButtonView.swift in Sources */ = {isa = PBXBuildFile; fileRef = 84AD67162928CD4400060961 /* StartButtonView.swift */; };
		84AD671A2928F59D00060961 /* OnboardingView.swift in Sources */ = {isa = PBXBuildFile; fileRef = 84AD67192928F59C00060961 /* OnboardingView.swift */; };
		84AD671E2928FABF00060961 /* FruitModel.swift in Sources */ = {isa = PBXBuildFile; fileRef = 84AD671D2928FABF00060961 /* FruitModel.swift */; };
		84AD672329290AD100060961 /* FruitData.swift in Sources */ = {isa = PBXBuildFile; fileRef = 84AD672229290AD100060961 /* FruitData.swift */; };
		84AD6727292926B800060961 /* FruitRowView.swift in Sources */ = {isa = PBXBuildFile; fileRef = 84AD6726292926B700060961 /* FruitRowView.swift */; };
		84AD672A2929324C00060961 /* FruitDetailView.swift in Sources */ = {isa = PBXBuildFile; fileRef = 84AD67292929324C00060961 /* FruitDetailView.swift */; };
/* End PBXBuildFile section */

/* Begin PBXFileReference section */
		84A598CB2929678F009D5EE4 /* FruitHeaderView.swift */ = {isa = PBXFileReference; lastKnownFileType = sourcecode.swift; path = FruitHeaderView.swift; sourceTree = "<group>"; };
		84A598CE29296C35009D5EE4 /* SourceLinkView.swift */ = {isa = PBXFileReference; lastKnownFileType = sourcecode.swift; path = SourceLinkView.swift; sourceTree = "<group>"; };
		84A598D1292A2661009D5EE4 /* FruitNutrientsView.swift */ = {isa = PBXFileReference; lastKnownFileType = sourcecode.swift; path = FruitNutrientsView.swift; sourceTree = "<group>"; };
		84A598D4292A2E43009D5EE4 /* SettingsView.swift */ = {isa = PBXFileReference; lastKnownFileType = sourcecode.swift; path = SettingsView.swift; sourceTree = "<group>"; };
		84A598D7292A353D009D5EE4 /* SettingsLabelView.swift */ = {isa = PBXFileReference; lastKnownFileType = sourcecode.swift; path = SettingsLabelView.swift; sourceTree = "<group>"; };
		84A598DA292A5119009D5EE4 /* SettingsRowView.swift */ = {isa = PBXFileReference; lastKnownFileType = sourcecode.swift; path = SettingsRowView.swift; sourceTree = "<group>"; };
		84AD66FB2928B6C300060961 /* Fructus.app */ = {isa = PBXFileReference; explicitFileType = wrapper.application; includeInIndex = 0; path = Fructus.app; sourceTree = BUILT_PRODUCTS_DIR; };
		84AD66FE2928B6C300060961 /* FructusApp.swift */ = {isa = PBXFileReference; lastKnownFileType = sourcecode.swift; path = FructusApp.swift; sourceTree = "<group>"; };
		84AD67002928B6C300060961 /* ContentView.swift */ = {isa = PBXFileReference; lastKnownFileType = sourcecode.swift; path = ContentView.swift; sourceTree = "<group>"; };
		84AD67022928B6C800060961 /* Assets.xcassets */ = {isa = PBXFileReference; lastKnownFileType = folder.assetcatalog; path = Assets.xcassets; sourceTree = "<group>"; };
		84AD67052928B6C800060961 /* Preview Assets.xcassets */ = {isa = PBXFileReference; lastKnownFileType = folder.assetcatalog; path = "Preview Assets.xcassets"; sourceTree = "<group>"; };
		84AD67072928B6C900060961 /* Info.plist */ = {isa = PBXFileReference; lastKnownFileType = text.plist.xml; path = Info.plist; sourceTree = "<group>"; };
		84AD67132928BE7700060961 /* FruitCardView.swift */ = {isa = PBXFileReference; lastKnownFileType = sourcecode.swift; path = FruitCardView.swift; sourceTree = "<group>"; };
		84AD67162928CD4400060961 /* StartButtonView.swift */ = {isa = PBXFileReference; lastKnownFileType = sourcecode.swift; path = StartButtonView.swift; sourceTree = "<group>"; };
		84AD67192928F59C00060961 /* OnboardingView.swift */ = {isa = PBXFileReference; lastKnownFileType = sourcecode.swift; path = OnboardingView.swift; sourceTree = "<group>"; };
		84AD671D2928FABF00060961 /* FruitModel.swift */ = {isa = PBXFileReference; lastKnownFileType = sourcecode.swift; path = FruitModel.swift; sourceTree = "<group>"; };
		84AD672229290AD100060961 /* FruitData.swift */ = {isa = PBXFileReference; lastKnownFileType = sourcecode.swift; path = FruitData.swift; sourceTree = "<group>"; };
		84AD6726292926B700060961 /* FruitRowView.swift */ = {isa = PBXFileReference; lastKnownFileType = sourcecode.swift; path = FruitRowView.swift; sourceTree = "<group>"; };
		84AD67292929324C00060961 /* FruitDetailView.swift */ = {isa = PBXFileReference; lastKnownFileType = sourcecode.swift; path = FruitDetailView.swift; sourceTree = "<group>"; };
/* End PBXFileReference section */

/* Begin PBXFrameworksBuildPhase section */
		84AD66F82928B6C300060961 /* Frameworks */ = {
			isa = PBXFrameworksBuildPhase;
			buildActionMask = 2147483647;
			files = (
			);
			runOnlyForDeploymentPostprocessing = 0;
		};
/* End PBXFrameworksBuildPhase section */

/* Begin PBXGroup section */
		84AD66F22928B6C300060961 = {
			isa = PBXGroup;
			children = (
				84AD66FD2928B6C300060961 /* Fructus */,
				84AD66FC2928B6C300060961 /* Products */,
			);
			sourceTree = "<group>";
		};
		84AD66FC2928B6C300060961 /* Products */ = {
			isa = PBXGroup;
			children = (
				84AD66FB2928B6C300060961 /* Fructus.app */,
			);
			name = Products;
			sourceTree = "<group>";
		};
		84AD66FD2928B6C300060961 /* Fructus */ = {
			isa = PBXGroup;
			children = (
				84AD672129290ABF00060961 /* Data */,
				84AD671C2928FAA000060961 /* Model */,
				84AD67112928BE1400060961 /* View */,
				84AD670F2928BE0500060961 /* App */,
				84AD67022928B6C800060961 /* Assets.xcassets */,
				84AD67072928B6C900060961 /* Info.plist */,
				84AD67042928B6C800060961 /* Preview Content */,
			);
			path = Fructus;
			sourceTree = "<group>";
		};
		84AD67042928B6C800060961 /* Preview Content */ = {
			isa = PBXGroup;
			children = (
				84AD67052928B6C800060961 /* Preview Assets.xcassets */,
			);
			path = "Preview Content";
			sourceTree = "<group>";
		};
		84AD670F2928BE0500060961 /* App */ = {
			isa = PBXGroup;
			children = (
				84AD66FE2928B6C300060961 /* FructusApp.swift */,
				84AD67002928B6C300060961 /* ContentView.swift */,
				84AD67192928F59C00060961 /* OnboardingView.swift */,
				84AD67292929324C00060961 /* FruitDetailView.swift */,
				84A598D4292A2E43009D5EE4 /* SettingsView.swift */,
			);
			path = App;
			sourceTree = "<group>";
		};
		84AD67112928BE1400060961 /* View */ = {
			isa = PBXGroup;
			children = (
				84AD67132928BE7700060961 /* FruitCardView.swift */,
				84AD67162928CD4400060961 /* StartButtonView.swift */,
				84AD6726292926B700060961 /* FruitRowView.swift */,
				84A598CB2929678F009D5EE4 /* FruitHeaderView.swift */,
				84A598CE29296C35009D5EE4 /* SourceLinkView.swift */,
				84A598D1292A2661009D5EE4 /* FruitNutrientsView.swift */,
				84A598D7292A353D009D5EE4 /* SettingsLabelView.swift */,
				84A598DA292A5119009D5EE4 /* SettingsRowView.swift */,
			);
			path = View;
			sourceTree = "<group>";
		};
		84AD671C2928FAA000060961 /* Model */ = {
			isa = PBXGroup;
			children = (
				84AD671D2928FABF00060961 /* FruitModel.swift */,
			);
			path = Model;
			sourceTree = "<group>";
		};
		84AD672129290ABF00060961 /* Data */ = {
			isa = PBXGroup;
			children = (
				84AD672229290AD100060961 /* FruitData.swift */,
			);
			path = Data;
			sourceTree = "<group>";
		};
/* End PBXGroup section */

/* Begin PBXNativeTarget section */
		84AD66FA2928B6C300060961 /* Fructus */ = {
			isa = PBXNativeTarget;
			buildConfigurationList = 84AD670A2928B6C900060961 /* Build configuration list for PBXNativeTarget "Fructus" */;
			buildPhases = (
				84AD66F72928B6C300060961 /* Sources */,
				84AD66F82928B6C300060961 /* Frameworks */,
				84AD66F92928B6C300060961 /* Resources */,
			);
			buildRules = (
			);
			dependencies = (
			);
			name = Fructus;
			productName = Fructus;
			productReference = 84AD66FB2928B6C300060961 /* Fructus.app */;
			productType = "com.apple.product-type.application";
		};
/* End PBXNativeTarget section */

/* Begin PBXProject section */
		84AD66F32928B6C300060961 /* Project object */ = {
			isa = PBXProject;
			attributes = {
				LastSwiftUpdateCheck = 1240;
				LastUpgradeCheck = 1240;
				TargetAttributes = {
					84AD66FA2928B6C300060961 = {
						CreatedOnToolsVersion = 12.4;
					};
				};
			};
			buildConfigurationList = 84AD66F62928B6C300060961 /* Build configuration list for PBXProject "Fructus" */;
			compatibilityVersion = "Xcode 9.3";
			developmentRegion = en;
			hasScannedForEncodings = 0;
			knownRegions = (
				en,
				Base,
			);
			mainGroup = 84AD66F22928B6C300060961;
			productRefGroup = 84AD66FC2928B6C300060961 /* Products */;
			projectDirPath = "";
			projectRoot = "";
			targets = (
				84AD66FA2928B6C300060961 /* Fructus */,
			);
		};
/* End PBXProject section */

/* Begin PBXResourcesBuildPhase section */
		84AD66F92928B6C300060961 /* Resources */ = {
			isa = PBXResourcesBuildPhase;
			buildActionMask = 2147483647;
			files = (
				84AD67062928B6C800060961 /* Preview Assets.xcassets in Resources */,
				84AD67032928B6C800060961 /* Assets.xcassets in Resources */,
			);
			runOnlyForDeploymentPostprocessing = 0;
		};
/* End PBXResourcesBuildPhase section */

/* Begin PBXSourcesBuildPhase section */
		84AD66F72928B6C300060961 /* Sources */ = {
			isa = PBXSourcesBuildPhase;
			buildActionMask = 2147483647;
			files = (
				84AD672329290AD100060961 /* FruitData.swift in Sources */,
				84A598CF29296C35009D5EE4 /* SourceLinkView.swift in Sources */,
				84A598DB292A5119009D5EE4 /* SettingsRowView.swift in Sources */,
				84AD67142928BE7700060961 /* FruitCardView.swift in Sources */,
				84AD6727292926B800060961 /* FruitRowView.swift in Sources */,
				84A598D2292A2661009D5EE4 /* FruitNutrientsView.swift in Sources */,
				84AD67172928CD4500060961 /* StartButtonView.swift in Sources */,
				84AD672A2929324C00060961 /* FruitDetailView.swift in Sources */,
				84AD67012928B6C300060961 /* ContentView.swift in Sources */,
				84A598CC2929678F009D5EE4 /* FruitHeaderView.swift in Sources */,
				84AD671A2928F59D00060961 /* OnboardingView.swift in Sources */,
				84A598D8292A353D009D5EE4 /* SettingsLabelView.swift in Sources */,
				84AD671E2928FABF00060961 /* FruitModel.swift in Sources */,
				84AD66FF2928B6C300060961 /* FructusApp.swift in Sources */,
				84A598D5292A2E43009D5EE4 /* SettingsView.swift in Sources */,
			);
			runOnlyForDeploymentPostprocessing = 0;
		};
/* End PBXSourcesBuildPhase section */

/* Begin XCBuildConfiguration section */
		84AD67082928B6C900060961 /* Debug */ = {
			isa = XCBuildConfiguration;
			buildSettings = {
				ALWAYS_SEARCH_USER_PATHS = NO;
				CLANG_ANALYZER_NONNULL = YES;
				CLANG_ANALYZER_NUMBER_OBJECT_CONVERSION = YES_AGGRESSIVE;
				CLANG_CXX_LANGUAGE_STANDARD = "gnu++14";
				CLANG_CXX_LIBRARY = "libc++";
				CLANG_ENABLE_MODULES = YES;
				CLANG_ENABLE_OBJC_ARC = YES;
				CLANG_ENABLE_OBJC_WEAK = YES;
				CLANG_WARN_BLOCK_CAPTURE_AUTORELEASING = YES;
				CLANG_WARN_BOOL_CONVERSION = YES;
				CLANG_WARN_COMMA = YES;
				CLANG_WARN_CONSTANT_CONVERSION = YES;
				CLANG_WARN_DEPRECATED_OBJC_IMPLEMENTATIONS = YES;
				CLANG_WARN_DIRECT_OBJC_ISA_USAGE = YES_ERROR;
				CLANG_WARN_DOCUMENTATION_COMMENTS = YES;
				CLANG_WARN_EMPTY_BODY = YES;
				CLANG_WARN_ENUM_CONVERSION = YES;
				CLANG_WARN_INFINITE_RECURSION = YES;
				CLANG_WARN_INT_CONVERSION = YES;
				CLANG_WARN_NON_LITERAL_NULL_CONVERSION = YES;
				CLANG_WARN_OBJC_IMPLICIT_RETAIN_SELF = YES;
				CLANG_WARN_OBJC_LITERAL_CONVERSION = YES;
				CLANG_WARN_OBJC_ROOT_CLASS = YES_ERROR;
				CLANG_WARN_QUOTED_INCLUDE_IN_FRAMEWORK_HEADER = YES;
				CLANG_WARN_RANGE_LOOP_ANALYSIS = YES;
				CLANG_WARN_STRICT_PROTOTYPES = YES;
				CLANG_WARN_SUSPICIOUS_MOVE = YES;
				CLANG_WARN_UNGUARDED_AVAILABILITY = YES_AGGRESSIVE;
				CLANG_WARN_UNREACHABLE_CODE = YES;
				CLANG_WARN__DUPLICATE_METHOD_MATCH = YES;
				COPY_PHASE_STRIP = NO;
				DEBUG_INFORMATION_FORMAT = dwarf;
				ENABLE_STRICT_OBJC_MSGSEND = YES;
				ENABLE_TESTABILITY = YES;
				GCC_C_LANGUAGE_STANDARD = gnu11;
				GCC_DYNAMIC_NO_PIC = NO;
				GCC_NO_COMMON_BLOCKS = YES;
				GCC_OPTIMIZATION_LEVEL = 0;
				GCC_PREPROCESSOR_DEFINITIONS = (
					"DEBUG=1",
					"$(inherited)",
				);
				GCC_WARN_64_TO_32_BIT_CONVERSION = YES;
				GCC_WARN_ABOUT_RETURN_TYPE = YES_ERROR;
				GCC_WARN_UNDECLARED_SELECTOR = YES;
				GCC_WARN_UNINITIALIZED_AUTOS = YES_AGGRESSIVE;
				GCC_WARN_UNUSED_FUNCTION = YES;
				GCC_WARN_UNUSED_VARIABLE = YES;
				IPHONEOS_DEPLOYMENT_TARGET = 14.4;
				MTL_ENABLE_DEBUG_INFO = INCLUDE_SOURCE;
				MTL_FAST_MATH = YES;
				ONLY_ACTIVE_ARCH = YES;
				SDKROOT = iphoneos;
				SWIFT_ACTIVE_COMPILATION_CONDITIONS = DEBUG;
				SWIFT_OPTIMIZATION_LEVEL = "-Onone";
			};
			name = Debug;
		};
		84AD67092928B6C900060961 /* Release */ = {
			isa = XCBuildConfiguration;
			buildSettings = {
				ALWAYS_SEARCH_USER_PATHS = NO;
				CLANG_ANALYZER_NONNULL = YES;
				CLANG_ANALYZER_NUMBER_OBJECT_CONVERSION = YES_AGGRESSIVE;
				CLANG_CXX_LANGUAGE_STANDARD = "gnu++14";
				CLANG_CXX_LIBRARY = "libc++";
				CLANG_ENABLE_MODULES = YES;
				CLANG_ENABLE_OBJC_ARC = YES;
				CLANG_ENABLE_OBJC_WEAK = YES;
				CLANG_WARN_BLOCK_CAPTURE_AUTORELEASING = YES;
				CLANG_WARN_BOOL_CONVERSION = YES;
				CLANG_WARN_COMMA = YES;
				CLANG_WARN_CONSTANT_CONVERSION = YES;
				CLANG_WARN_DEPRECATED_OBJC_IMPLEMENTATIONS = YES;
				CLANG_WARN_DIRECT_OBJC_ISA_USAGE = YES_ERROR;
				CLANG_WARN_DOCUMENTATION_COMMENTS = YES;
				CLANG_WARN_EMPTY_BODY = YES;
				CLANG_WARN_ENUM_CONVERSION = YES;
				CLANG_WARN_INFINITE_RECURSION = YES;
				CLANG_WARN_INT_CONVERSION = YES;
				CLANG_WARN_NON_LITERAL_NULL_CONVERSION = YES;
				CLANG_WARN_OBJC_IMPLICIT_RETAIN_SELF = YES;
				CLANG_WARN_OBJC_LITERAL_CONVERSION = YES;
				CLANG_WARN_OBJC_ROOT_CLASS = YES_ERROR;
				CLANG_WARN_QUOTED_INCLUDE_IN_FRAMEWORK_HEADER = YES;
				CLANG_WARN_RANGE_LOOP_ANALYSIS = YES;
				CLANG_WARN_STRICT_PROTOTYPES = YES;
				CLANG_WARN_SUSPICIOUS_MOVE = YES;
				CLANG_WARN_UNGUARDED_AVAILABILITY = YES_AGGRESSIVE;
				CLANG_WARN_UNREACHABLE_CODE = YES;
				CLANG_WARN__DUPLICATE_METHOD_MATCH = YES;
				COPY_PHASE_STRIP = NO;
				DEBUG_INFORMATION_FORMAT = "dwarf-with-dsym";
				ENABLE_NS_ASSERTIONS = NO;
				ENABLE_STRICT_OBJC_MSGSEND = YES;
				GCC_C_LANGUAGE_STANDARD = gnu11;
				GCC_NO_COMMON_BLOCKS = YES;
				GCC_WARN_64_TO_32_BIT_CONVERSION = YES;
				GCC_WARN_ABOUT_RETURN_TYPE = YES_ERROR;
				GCC_WARN_UNDECLARED_SELECTOR = YES;
				GCC_WARN_UNINITIALIZED_AUTOS = YES_AGGRESSIVE;
				GCC_WARN_UNUSED_FUNCTION = YES;
				GCC_WARN_UNUSED_VARIABLE = YES;
				IPHONEOS_DEPLOYMENT_TARGET = 14.4;
				MTL_ENABLE_DEBUG_INFO = NO;
				MTL_FAST_MATH = YES;
				SDKROOT = iphoneos;
				SWIFT_COMPILATION_MODE = wholemodule;
				SWIFT_OPTIMIZATION_LEVEL = "-O";
				VALIDATE_PRODUCT = YES;
			};
			name = Release;
		};
		84AD670B2928B6C900060961 /* Debug */ = {
			isa = XCBuildConfiguration;
			buildSettings = {
				ASSETCATALOG_COMPILER_APPICON_NAME = AppIcon;
				ASSETCATALOG_COMPILER_GLOBAL_ACCENT_COLOR_NAME = AccentColor;
				CODE_SIGN_STYLE = Automatic;
				DEVELOPMENT_ASSET_PATHS = "\"Fructus/Preview Content\"";
				ENABLE_PREVIEWS = YES;
				INFOPLIST_FILE = Fructus/Info.plist;
				IPHONEOS_DEPLOYMENT_TARGET = 14.0;
				LD_RUNPATH_SEARCH_PATHS = (
					"$(inherited)",
					"@executable_path/Frameworks",
				);
				PRODUCT_BUNDLE_IDENTIFIER = com.comom.Fructus;
				PRODUCT_NAME = "$(TARGET_NAME)";
				SWIFT_VERSION = 5.0;
				TARGETED_DEVICE_FAMILY = "1,2";
			};
			name = Debug;
		};
		84AD670C2928B6C900060961 /* Release */ = {
			isa = XCBuildConfiguration;
			buildSettings = {
				ASSETCATALOG_COMPILER_APPICON_NAME = AppIcon;
				ASSETCATALOG_COMPILER_GLOBAL_ACCENT_COLOR_NAME = AccentColor;
				CODE_SIGN_STYLE = Automatic;
				DEVELOPMENT_ASSET_PATHS = "\"Fructus/Preview Content\"";
				ENABLE_PREVIEWS = YES;
				INFOPLIST_FILE = Fructus/Info.plist;
				IPHONEOS_DEPLOYMENT_TARGET = 14.0;
				LD_RUNPATH_SEARCH_PATHS = (
					"$(inherited)",
					"@executable_path/Frameworks",
				);
				PRODUCT_BUNDLE_IDENTIFIER = com.comom.Fructus;
				PRODUCT_NAME = "$(TARGET_NAME)";
				SWIFT_VERSION = 5.0;
				TARGETED_DEVICE_FAMILY = "1,2";
			};
			name = Release;
		};
/* End XCBuildConfiguration section */

/* Begin XCConfigurationList section */
		84AD66F62928B6C300060961 /* Build configuration list for PBXProject "Fructus" */ = {
			isa = XCConfigurationList;
			buildConfigurations = (
				84AD67082928B6C900060961 /* Debug */,
				84AD67092928B6C900060961 /* Release */,
			);
			defaultConfigurationIsVisible = 0;
			defaultConfigurationName = Release;
		};
		84AD670A2928B6C900060961 /* Build configuration list for PBXNativeTarget "Fructus" */ = {
			isa = XCConfigurationList;
			buildConfigurations = (
				84AD670B2928B6C900060961 /* Debug */,
				84AD670C2928B6C900060961 /* Release */,
			);
			defaultConfigurationIsVisible = 0;
			defaultConfigurationName = Release;
		};
/* End XCConfigurationList section */
	};
	rootObject = 84AD66F32928B6C300060961 /* Project object */;
}
